
Microsoft Visual Studio Solution File, Format Version 12.00
# Visual Studio Version 16
VisualStudioVersion = 16.0.30517.126
MinimumVisualStudioVersion = 10.0.40219.1
Project("{FAE04EC0-301F-11D3-BF4B-00C04F79EFBC}") = "LottoDriver.FtpLottoResultsSenderExample.WinService", "LottoDriver.FtpLottoResultsSenderExample.WinService\LottoDriver.FtpLottoResultsSenderExample.WinService.csproj", "{32B9A998-C5EE-4E39-96E4-C826B6F2F3C4}"
EndProject
Project("{9A19103F-16F7-4668-BE54-9A1E7A4F7556}") = "LottoDriver.FtpLottoResultsSenderExample.Common", "LottoDriver.FtpLottoResultsSenderExample.Common\LottoDriver.FtpLottoResultsSenderExample.Common.csproj", "{77162D32-FB25-4AD6-972E-2A08324F65C6}"
EndProject
Global
	GlobalSection(SolutionConfigurationPlatforms) = preSolution
		Debug|Any CPU = Debug|Any CPU
		Release|Any CPU = Release|Any CPU
	EndGlobalSection
	GlobalSection(ProjectConfigurationPlatforms) = postSolution
		{32B9A998-C5EE-4E39-96E4-C826B6F2F3C4}.Debug|Any CPU.ActiveCfg = Debug|Any CPU
		{32B9A998-C5EE-4E39-96E4-C826B6F2F3C4}.Debug|Any CPU.Build.0 = Debug|Any CPU
		{32B9A998-C5EE-4E39-96E4-C826B6F2F3C4}.Release|Any CPU.ActiveCfg = Release|Any CPU
		{32B9A998-C5EE-4E39-96E4-C826B6F2F3C4}.Release|Any CPU.Build.0 = Release|Any CPU
		{77162D32-FB25-4AD6-972E-2A08324F65C6}.Debug|Any CPU.ActiveCfg = Debug|Any CPU
		{77162D32-FB25-4AD6-972E-2A08324F65C6}.Debug|Any CPU.Build.0 = Debug|Any CPU
		{77162D32-FB25-4AD6-972E-2A08324F65C6}.Release|Any CPU.ActiveCfg = Release|Any CPU
		{77162D32-FB25-4AD6-972E-2A08324F65C6}.Release|Any CPU.Build.0 = Release|Any CPU
	EndGlobalSection
	GlobalSection(SolutionProperties) = preSolution
		HideSolutionNode = FALSE
	EndGlobalSection
	GlobalSection(ExtensibilityGlobals) = postSolution
		SolutionGuid = {262FA3B2-59ED-491D-840E-D42FE4F94CF3}
	EndGlobalSection
EndGlobal
